
Microsoft Visual Studio Solution File, Format Version 12.00
# Visual Studio Version 17
VisualStudioVersion = 17.0.32014.148
MinimumVisualStudioVersion = 10.0.40219.1
Project("{FAE04EC0-301F-11D3-BF4B-00C04F79EFBC}") = "MyFirstCoreApp", "MyFirstCoreApp.csproj", "{6EEBC215-5F5E-48F3-9B7B-D1032C436CDD}"
EndProject
Global
	GlobalSection(SolutionConfigurationPlatforms) = preSolution
		Debug|Any CPU = Debug|Any CPU
		Release|Any CPU = Release|Any CPU
	EndGlobalSection
	GlobalSection(ProjectConfigurationPlatforms) = postSolution
		{6EEBC215-5F5E-48F3-9B7B-D1032C436CDD}.Debug|Any CPU.ActiveCfg = Debug|Any CPU
		{6EEBC215-5F5E-48F3-9B7B-D1032C436CDD}.Debug|Any CPU.Build.0 = Debug|Any CPU
		{6EEBC215-5F5E-48F3-9B7B-D1032C436CDD}.Release|Any CPU.ActiveCfg = Release|Any CPU
		{6EEBC215-5F5E-48F3-9B7B-D1032C436CDD}.Release|Any CPU.Build.0 = Release|Any CPU
	EndGlobalSection
	GlobalSection(SolutionProperties) = preSolution
		HideSolutionNode = FALSE
	EndGlobalSection
	GlobalSection(ExtensibilityGlobals) = postSolution
		SolutionGuid = {A7B08F05-FB01-455E-86A8-10C5AD35B36C}
	EndGlobalSection
EndGlobal
